{
  "pins" : [
    {
      "identity" : "wwcamerazoomoptionview",
      "kind" : "remoteSourceControl",
      "location" : "https://github.com/William-Weng/WWCameraZoomOptionView",
      "state" : {
        "revision" : "37dbf99ac9fb6a3b8073a6a400d7f20d9899e6b5",
        "version" : "1.0.1"
      }
    }
  ],
  "version" : 2
}
