{
  "originHash" : "a241f92f536eebd5542951e03f566225c80ce449a5daee8de807b63366cdbef2",
  "pins" : [
    {
      "identity" : "wwcamerazoomoptionview",
      "kind" : "remoteSourceControl",
      "location" : "https://github.com/William-Weng/WWCameraZoomOptionView",
      "state" : {
        "revision" : "f24af6f7e2c6fdd6bfd544bfa96b8e302e220079",
        "version" : "1.0.4"
      }
    }
  ],
  "version" : 3
}
