{
  "pins" : [
    {
      "identity" : "wwcamerazoomoptionview",
      "kind" : "remoteSourceControl",
      "location" : "https://github.com/William-Weng/WWCameraZoomOptionView",
      "state" : {
        "revision" : "36460050488d63bc19ca70eb522426b9db4d3186",
        "version" : "1.0.5"
      }
    }
  ],
  "version" : 2
}
